
Microsoft Visual Studio Solution File, Format Version 12.00
# Visual Studio Version 17
VisualStudioVersion = 17.5.33516.290
MinimumVisualStudioVersion = 10.0.40219.1
Project("{2150E333-8FDC-42A3-9474-1A3956D46DE8}") = "src", "src", "{A81C591E-564B-4F07-9DA5-F42AEC32F20B}"
EndProject
Project("{9A19103F-16F7-4668-BE54-9A1E7A4F7556}") = "WWB.OSS", "src\WWB.OSS\WWB.OSS.csproj", "{472DA0A9-F477-4ECD-930A-879B08B228A2}"
EndProject
Project("{9A19103F-16F7-4668-BE54-9A1E7A4F7556}") = "WWB.OSS.Demo", "src\WWB.OSS.Demo\WWB.OSS.Demo.csproj", "{E13CFB17-B589-4285-BF01-0B4423D09A2F}"
EndProject
Project("{9A19103F-16F7-4668-BE54-9A1E7A4F7556}") = "WWB.OSS.Aliyun", "src\WWB.OSS.Aliyun\WWB.OSS.Aliyun.csproj", "{FDA2BB81-E7E4-4E1D-A006-EA4DD74520BB}"
EndProject
Project("{2150E333-8FDC-42A3-9474-1A3956D46DE8}") = "sample", "sample", "{B9D3F570-3362-49E6-B212-59D292BCBFBC}"
EndProject
Project("{9A19103F-16F7-4668-BE54-9A1E7A4F7556}") = "WWB.OSS.QCloud", "src\WWB.OSS.QCloud\WWB.OSS.QCloud.csproj", "{889BBF0D-6BD4-4D95-8E5C-0069C9B2CC08}"
EndProject
Project("{9A19103F-16F7-4668-BE54-9A1E7A4F7556}") = "WWB.OSS.Qiniu", "src\WWB.OSS.Qiniu\WWB.OSS.Qiniu.csproj", "{C705F8E8-0DC1-45F4-B70D-15DB49A041B4}"
EndProject
Project("{9A19103F-16F7-4668-BE54-9A1E7A4F7556}") = "WWB.OSS.Baidu", "src\WWB.OSS.Baidu\WWB.OSS.Baidu.csproj", "{5D8A7E14-0CA6-4C25-892F-F37C0CA4A3A9}"
EndProject
Project("{9A19103F-16F7-4668-BE54-9A1E7A4F7556}") = "WWB.OSS.Minio", "src\WWB.OSS.Minio\WWB.OSS.Minio.csproj", "{80F970AB-15A2-4DF1-BD56-9ED72C8C07E0}"
EndProject
Project("{9A19103F-16F7-4668-BE54-9A1E7A4F7556}") = "WWB.OSS.Huawei", "src\WWB.OSS.Huawei\WWB.OSS.Huawei.csproj", "{AA9F9094-7FE2-4600-9010-0A74AD9BBAA3}"
EndProject
Global
	GlobalSection(SolutionConfigurationPlatforms) = preSolution
		Debug|Any CPU = Debug|Any CPU
		Release|Any CPU = Release|Any CPU
	EndGlobalSection
	GlobalSection(ProjectConfigurationPlatforms) = postSolution
		{472DA0A9-F477-4ECD-930A-879B08B228A2}.Debug|Any CPU.ActiveCfg = Debug|Any CPU
		{472DA0A9-F477-4ECD-930A-879B08B228A2}.Debug|Any CPU.Build.0 = Debug|Any CPU
		{472DA0A9-F477-4ECD-930A-879B08B228A2}.Release|Any CPU.ActiveCfg = Release|Any CPU
		{472DA0A9-F477-4ECD-930A-879B08B228A2}.Release|Any CPU.Build.0 = Release|Any CPU
		{E13CFB17-B589-4285-BF01-0B4423D09A2F}.Debug|Any CPU.ActiveCfg = Debug|Any CPU
		{E13CFB17-B589-4285-BF01-0B4423D09A2F}.Debug|Any CPU.Build.0 = Debug|Any CPU
		{E13CFB17-B589-4285-BF01-0B4423D09A2F}.Release|Any CPU.ActiveCfg = Release|Any CPU
		{E13CFB17-B589-4285-BF01-0B4423D09A2F}.Release|Any CPU.Build.0 = Release|Any CPU
		{FDA2BB81-E7E4-4E1D-A006-EA4DD74520BB}.Debug|Any CPU.ActiveCfg = Debug|Any CPU
		{FDA2BB81-E7E4-4E1D-A006-EA4DD74520BB}.Debug|Any CPU.Build.0 = Debug|Any CPU
		{FDA2BB81-E7E4-4E1D-A006-EA4DD74520BB}.Release|Any CPU.ActiveCfg = Release|Any CPU
		{FDA2BB81-E7E4-4E1D-A006-EA4DD74520BB}.Release|Any CPU.Build.0 = Release|Any CPU
		{889BBF0D-6BD4-4D95-8E5C-0069C9B2CC08}.Debug|Any CPU.ActiveCfg = Debug|Any CPU
		{889BBF0D-6BD4-4D95-8E5C-0069C9B2CC08}.Debug|Any CPU.Build.0 = Debug|Any CPU
		{889BBF0D-6BD4-4D95-8E5C-0069C9B2CC08}.Release|Any CPU.ActiveCfg = Release|Any CPU
		{889BBF0D-6BD4-4D95-8E5C-0069C9B2CC08}.Release|Any CPU.Build.0 = Release|Any CPU
		{C705F8E8-0DC1-45F4-B70D-15DB49A041B4}.Debug|Any CPU.ActiveCfg = Debug|Any CPU
		{C705F8E8-0DC1-45F4-B70D-15DB49A041B4}.Debug|Any CPU.Build.0 = Debug|Any CPU
		{C705F8E8-0DC1-45F4-B70D-15DB49A041B4}.Release|Any CPU.ActiveCfg = Release|Any CPU
		{C705F8E8-0DC1-45F4-B70D-15DB49A041B4}.Release|Any CPU.Build.0 = Release|Any CPU
		{5D8A7E14-0CA6-4C25-892F-F37C0CA4A3A9}.Debug|Any CPU.ActiveCfg = Debug|Any CPU
		{5D8A7E14-0CA6-4C25-892F-F37C0CA4A3A9}.Debug|Any CPU.Build.0 = Debug|Any CPU
		{5D8A7E14-0CA6-4C25-892F-F37C0CA4A3A9}.Release|Any CPU.ActiveCfg = Release|Any CPU
		{5D8A7E14-0CA6-4C25-892F-F37C0CA4A3A9}.Release|Any CPU.Build.0 = Release|Any CPU
		{80F970AB-15A2-4DF1-BD56-9ED72C8C07E0}.Debug|Any CPU.ActiveCfg = Debug|Any CPU
		{80F970AB-15A2-4DF1-BD56-9ED72C8C07E0}.Debug|Any CPU.Build.0 = Debug|Any CPU
		{80F970AB-15A2-4DF1-BD56-9ED72C8C07E0}.Release|Any CPU.ActiveCfg = Release|Any CPU
		{80F970AB-15A2-4DF1-BD56-9ED72C8C07E0}.Release|Any CPU.Build.0 = Release|Any CPU
		{AA9F9094-7FE2-4600-9010-0A74AD9BBAA3}.Debug|Any CPU.ActiveCfg = Debug|Any CPU
		{AA9F9094-7FE2-4600-9010-0A74AD9BBAA3}.Debug|Any CPU.Build.0 = Debug|Any CPU
		{AA9F9094-7FE2-4600-9010-0A74AD9BBAA3}.Release|Any CPU.ActiveCfg = Release|Any CPU
		{AA9F9094-7FE2-4600-9010-0A74AD9BBAA3}.Release|Any CPU.Build.0 = Release|Any CPU
	EndGlobalSection
	GlobalSection(SolutionProperties) = preSolution
		HideSolutionNode = FALSE
	EndGlobalSection
	GlobalSection(NestedProjects) = preSolution
		{472DA0A9-F477-4ECD-930A-879B08B228A2} = {A81C591E-564B-4F07-9DA5-F42AEC32F20B}
		{E13CFB17-B589-4285-BF01-0B4423D09A2F} = {B9D3F570-3362-49E6-B212-59D292BCBFBC}
		{FDA2BB81-E7E4-4E1D-A006-EA4DD74520BB} = {A81C591E-564B-4F07-9DA5-F42AEC32F20B}
		{889BBF0D-6BD4-4D95-8E5C-0069C9B2CC08} = {A81C591E-564B-4F07-9DA5-F42AEC32F20B}
		{C705F8E8-0DC1-45F4-B70D-15DB49A041B4} = {A81C591E-564B-4F07-9DA5-F42AEC32F20B}
		{5D8A7E14-0CA6-4C25-892F-F37C0CA4A3A9} = {A81C591E-564B-4F07-9DA5-F42AEC32F20B}
		{80F970AB-15A2-4DF1-BD56-9ED72C8C07E0} = {A81C591E-564B-4F07-9DA5-F42AEC32F20B}
		{AA9F9094-7FE2-4600-9010-0A74AD9BBAA3} = {A81C591E-564B-4F07-9DA5-F42AEC32F20B}
	EndGlobalSection
	GlobalSection(ExtensibilityGlobals) = postSolution
		SolutionGuid = {B9A2692C-B1B7-46DC-A2F5-54B479CD784D}
	EndGlobalSection
EndGlobal
